// !$*UTF8*$!
{
	archiveVersion = 1;
	classes = {
	};
	objectVersion = 77;
	objects = {

/* Begin PBXBuildFile section */
		11AA22BB33CC44DD55EE66FF /* InsightsDataGeneratorTests.swift in Sources */ = {isa = PBXBuildFile; fileRef = AA11BB22CC33DD44EE55FF66 /* InsightsDataGeneratorTests.swift */; };
		22BB33CC44DD55EE66FF77AA /* InsightsPeriodTests.swift in Sources */ = {isa = PBXBuildFile; fileRef = BB22CC33DD44EE55FF66AA11 /* InsightsPeriodTests.swift */; };
		3A2643DF42224B5778239410 /* GuidelineLimitsTests.swift in Sources */ = {isa = PBXBuildFile; fileRef = 6561FEFD03C2B515E1E786C5 /* GuidelineLimitsTests.swift */; };
		4F26B1182FBDA7F2006F7BE2 /* DashboardViewModelTests+Metrics.swift in Sources */ = {isa = PBXBuildFile; fileRef = 4F26B1172FBDA7F2006F7BE2 /* DashboardViewModelTests+Metrics.swift */; };
		4F26B11A2FBDA808006F7BE2 /* DashboardViewModelTests+Formatting.swift in Sources */ = {isa = PBXBuildFile; fileRef = 4F26B1192FBDA808006F7BE2 /* DashboardViewModelTests+Formatting.swift */; };
		4F26B11C2FBDA8F9006F7BE2 /* GuidelineChoiceDisplayTests.swift in Sources */ = {isa = PBXBuildFile; fileRef = 4F26B11B2FBDA8F9006F7BE2 /* GuidelineChoiceDisplayTests.swift */; };
		4F26B11E2FBDA918006F7BE2 /* AlcoholUnitTests.swift in Sources */ = {isa = PBXBuildFile; fileRef = 4F26B11D2FBDA918006F7BE2 /* AlcoholUnitTests.swift */; };
		4F26B1202FBDA924006F7BE2 /* DrinkTemplateTests.swift in Sources */ = {isa = PBXBuildFile; fileRef = 4F26B11F2FBDA924006F7BE2 /* DrinkTemplateTests.swift */; };
		4F7DFDD02FCC27A30024A759 /* InsightsViewModelTests+Aggregates.swift in Sources */ = {isa = PBXBuildFile; fileRef = 4F7DFDCF2FCC27A30024A759 /* InsightsViewModelTests+Aggregates.swift */; };
		4F7DFDD22FCC27B50024A759 /* InsightsViewModelTests+Navigation.swift in Sources */ = {isa = PBXBuildFile; fileRef = 4F7DFDD12FCC27B50024A759 /* InsightsViewModelTests+Navigation.swift */; };
		4F7DFDD42FCC281B0024A759 /* DashboardViewModelTests+PctAndRisk.swift in Sources */ = {isa = PBXBuildFile; fileRef = 4F7DFDD32FCC281B0024A759 /* DashboardViewModelTests+PctAndRisk.swift */; };
		58EB0F230B9FC1846769959B /* DrinkTypePresetTests.swift in Sources */ = {isa = PBXBuildFile; fileRef = BD1A24B0A3C64D939541A943 /* DrinkTypePresetTests.swift */; };
		8A71E6A4CD474AA59A0F05ED /* DashboardViewModelTests.swift in Sources */ = {isa = PBXBuildFile; fileRef = E574A68CBADC439CBEF4AF31 /* DashboardViewModelTests.swift */; };
		A0B1C2D3E4F5001020304050 /* ConsumptionEventTests.swift in Sources */ = {isa = PBXBuildFile; fileRef = B0C1D2E3F4A5001020304050 /* ConsumptionEventTests.swift */; };
		A1B2C3D4E5F6000030003000 /* UnitSystemVolumeTests.swift in Sources */ = {isa = PBXBuildFile; fileRef = A1B2C3D4E5F6000030003001 /* UnitSystemVolumeTests.swift */; };
		A1B2C3D4E5F6000030003002 /* EditEventVolumeGuardTests.swift in Sources */ = {isa = PBXBuildFile; fileRef = A1B2C3D4E5F6000030003003 /* EditEventVolumeGuardTests.swift */; };
		AB1196E7CD28A69A48EED25B /* AlcoholCalculationTests.swift in Sources */ = {isa = PBXBuildFile; fileRef = 7ED3BBC91B97DDCFA81123DB /* AlcoholCalculationTests.swift */; };
		C1F7FF6B4D1544FF845FA418 /* OnboardingViewModelTests.swift in Sources */ = {isa = PBXBuildFile; fileRef = B7A54FC3BA154D48AD27F410 /* OnboardingViewModelTests.swift */; };
		C2D3E4F5A6B7081929304A5B /* InsightsViewModelTests.swift in Sources */ = {isa = PBXBuildFile; fileRef = B1C2D3E4F5A60718293A4B5C /* InsightsViewModelTests.swift */; };
		C3D4E5F6A7B8001020304050 /* DataExportImportTests.swift in Sources */ = {isa = PBXBuildFile; fileRef = D3E4F5A6B7C8001020304050 /* DataExportImportTests.swift */; };
		D4E5F6A7B8C9001020304050 /* DrinkControlImporterTests.swift in Sources */ = {isa = PBXBuildFile; fileRef = E4F5A6B7C8D9001020304050 /* DrinkControlImporterTests.swift */; };
		D5E6F7A8B9C0001020304050 /* StoreBootstrapTests.swift in Sources */ = {isa = PBXBuildFile; fileRef = E5F6A7B8C9D0001020304050 /* StoreBootstrapTests.swift */; };
		F0E1D2C3B4A5001122334455 /* HistoryViewModelTests.swift in Sources */ = {isa = PBXBuildFile; fileRef = A0F1E2D3C4B5001122334455 /* HistoryViewModelTests.swift */; };
		FADED6A26E7387C0D2C3FE56 /* AlcoholUnitFormattingTests.swift in Sources */ = {isa = PBXBuildFile; fileRef = B24D3CA4DFBCAD09DF49DB5E /* AlcoholUnitFormattingTests.swift */; };
/* End PBXBuildFile section */

/* Begin PBXContainerItemProxy section */
		5FBE431B60576D313FCBEE84 /* PBXContainerItemProxy */ = {
			isa = PBXContainerItemProxy;
			containerPortal = 4FD1C6F52FB844AE003FD1F6 /* Project object */;
			proxyType = 1;
			remoteGlobalIDString = 4FD1C6FC2FB844AE003FD1F6;
			remoteInfo = drinkpulse;
		};
		DEADBEEF000000000000A00B /* PBXContainerItemProxy */ = {
			isa = PBXContainerItemProxy;
			containerPortal = 4FD1C6F52FB844AE003FD1F6 /* Project object */;
			proxyType = 1;
			remoteGlobalIDString = 4FD1C6FC2FB844AE003FD1F6;
			remoteInfo = drinkpulse;
		};
/* End PBXContainerItemProxy section */

/* Begin PBXFileReference section */
		061D01E2634732C34447E0A3 /* drinkpulseTests.xctest */ = {isa = PBXFileReference; explicitFileType = wrapper.cfbundle; includeInIndex = 0; path = drinkpulseTests.xctest; sourceTree = BUILT_PRODUCTS_DIR; };
		4F26B1172FBDA7F2006F7BE2 /* DashboardViewModelTests+Metrics.swift */ = {isa = PBXFileReference; lastKnownFileType = sourcecode.swift; path = "DashboardViewModelTests+Metrics.swift"; sourceTree = "<group>"; };
		4F26B1192FBDA808006F7BE2 /* DashboardViewModelTests+Formatting.swift */ = {isa = PBXFileReference; lastKnownFileType = sourcecode.swift; path = "DashboardViewModelTests+Formatting.swift"; sourceTree = "<group>"; };
		4F26B11B2FBDA8F9006F7BE2 /* GuidelineChoiceDisplayTests.swift */ = {isa = PBXFileReference; lastKnownFileType = sourcecode.swift; path = GuidelineChoiceDisplayTests.swift; sourceTree = "<group>"; };
		4F26B11D2FBDA918006F7BE2 /* AlcoholUnitTests.swift */ = {isa = PBXFileReference; lastKnownFileType = sourcecode.swift; path = AlcoholUnitTests.swift; sourceTree = "<group>"; };
		4F26B11F2FBDA924006F7BE2 /* DrinkTemplateTests.swift */ = {isa = PBXFileReference; lastKnownFileType = sourcecode.swift; path = DrinkTemplateTests.swift; sourceTree = "<group>"; };
		4F7DFDCF2FCC27A30024A759 /* InsightsViewModelTests+Aggregates.swift */ = {isa = PBXFileReference; lastKnownFileType = sourcecode.swift; path = "InsightsViewModelTests+Aggregates.swift"; sourceTree = "<group>"; };
		4F7DFDD12FCC27B50024A759 /* InsightsViewModelTests+Navigation.swift */ = {isa = PBXFileReference; lastKnownFileType = sourcecode.swift; path = "InsightsViewModelTests+Navigation.swift"; sourceTree = "<group>"; };
		4F7DFDD32FCC281B0024A759 /* DashboardViewModelTests+PctAndRisk.swift */ = {isa = PBXFileReference; lastKnownFileType = sourcecode.swift; path = "DashboardViewModelTests+PctAndRisk.swift"; sourceTree = "<group>"; };
		4FD1C6FD2FB844AE003FD1F6 /* drinkpulse.app */ = {isa = PBXFileReference; explicitFileType = wrapper.application; includeInIndex = 0; path = drinkpulse.app; sourceTree = BUILT_PRODUCTS_DIR; };
		6561FEFD03C2B515E1E786C5 /* GuidelineLimitsTests.swift */ = {isa = PBXFileReference; includeInIndex = 1; lastKnownFileType = sourcecode.swift; path = GuidelineLimitsTests.swift; sourceTree = "<group>"; };
		7ED3BBC91B97DDCFA81123DB /* AlcoholCalculationTests.swift */ = {isa = PBXFileReference; includeInIndex = 1; lastKnownFileType = sourcecode.swift; path = AlcoholCalculationTests.swift; sourceTree = "<group>"; };
		A0F1E2D3C4B5001122334455 /* HistoryViewModelTests.swift */ = {isa = PBXFileReference; lastKnownFileType = sourcecode.swift; path = HistoryViewModelTests.swift; sourceTree = "<group>"; };
		A1B2C3D4E5F6000030003001 /* UnitSystemVolumeTests.swift */ = {isa = PBXFileReference; includeInIndex = 1; lastKnownFileType = sourcecode.swift; path = UnitSystemVolumeTests.swift; sourceTree = "<group>"; };
		A1B2C3D4E5F6000030003003 /* EditEventVolumeGuardTests.swift */ = {isa = PBXFileReference; includeInIndex = 1; lastKnownFileType = sourcecode.swift; path = EditEventVolumeGuardTests.swift; sourceTree = "<group>"; };
		AA11BB22CC33DD44EE55FF66 /* InsightsDataGeneratorTests.swift */ = {isa = PBXFileReference; lastKnownFileType = sourcecode.swift; path = InsightsDataGeneratorTests.swift; sourceTree = "<group>"; };
		B0C1D2E3F4A5001020304050 /* ConsumptionEventTests.swift */ = {isa = PBXFileReference; lastKnownFileType = sourcecode.swift; path = ConsumptionEventTests.swift; sourceTree = "<group>"; };
		B1C2D3E4F5A60718293A4B5C /* InsightsViewModelTests.swift */ = {isa = PBXFileReference; lastKnownFileType = sourcecode.swift; path = InsightsViewModelTests.swift; sourceTree = "<group>"; };
		B24D3CA4DFBCAD09DF49DB5E /* AlcoholUnitFormattingTests.swift */ = {isa = PBXFileReference; includeInIndex = 1; lastKnownFileType = sourcecode.swift; path = AlcoholUnitFormattingTests.swift; sourceTree = "<group>"; };
		B7A54FC3BA154D48AD27F410 /* OnboardingViewModelTests.swift */ = {isa = PBXFileReference; includeInIndex = 1; lastKnownFileType = sourcecode.swift; path = OnboardingViewModelTests.swift; sourceTree = "<group>"; };
		BB22CC33DD44EE55FF66AA11 /* InsightsPeriodTests.swift */ = {isa = PBXFileReference; lastKnownFileType = sourcecode.swift; path = InsightsPeriodTests.swift; sourceTree = "<group>"; };
		BD1A24B0A3C64D939541A943 /* DrinkTypePresetTests.swift */ = {isa = PBXFileReference; includeInIndex = 1; lastKnownFileType = sourcecode.swift; path = DrinkTypePresetTests.swift; sourceTree = "<group>"; };
		D3E4F5A6B7C8001020304050 /* DataExportImportTests.swift */ = {isa = PBXFileReference; lastKnownFileType = sourcecode.swift; path = DataExportImportTests.swift; sourceTree = "<group>"; };
		DEADBEEF000000000000A002 /* drinkpulseUITests.xctest */ = {isa = PBXFileReference; explicitFileType = wrapper.cfbundle; includeInIndex = 0; path = drinkpulseUITests.xctest; sourceTree = BUILT_PRODUCTS_DIR; };
		E4F5A6B7C8D9001020304050 /* DrinkControlImporterTests.swift */ = {isa = PBXFileReference; lastKnownFileType = sourcecode.swift; path = DrinkControlImporterTests.swift; sourceTree = "<group>"; };
		E574A68CBADC439CBEF4AF31 /* DashboardViewModelTests.swift */ = {isa = PBXFileReference; includeInIndex = 1; lastKnownFileType = sourcecode.swift; path = DashboardViewModelTests.swift; sourceTree = "<group>"; };
		E5F6A7B8C9D0001020304050 /* StoreBootstrapTests.swift */ = {isa = PBXFileReference; lastKnownFileType = sourcecode.swift; path = StoreBootstrapTests.swift; sourceTree = "<group>"; };
/* End PBXFileReference section */

/* Begin PBXFileSystemSynchronizedRootGroup section */
		4FD1C6FF2FB844AE003FD1F6 /* drinkpulse */ = {
			isa = PBXFileSystemSynchronizedRootGroup;
			path = drinkpulse;
			sourceTree = "<group>";
		};
		DEADBEEF000000000000A003 /* drinkpulseUITests */ = {
			isa = PBXFileSystemSynchronizedRootGroup;
			path = drinkpulseUITests;
			sourceTree = "<group>";
		};
/* End PBXFileSystemSynchronizedRootGroup section */

/* Begin PBXFrameworksBuildPhase section */
		09952F4CF444D875FCDC3958 /* Frameworks */ = {
			isa = PBXFrameworksBuildPhase;
			buildActionMask = 2147483647;
			files = (
			);
			runOnlyForDeploymentPostprocessing = 0;
		};
		4FD1C6FA2FB844AE003FD1F6 /* Frameworks */ = {
			isa = PBXFrameworksBuildPhase;
			buildActionMask = 2147483647;
			files = (
			);
			runOnlyForDeploymentPostprocessing = 0;
		};
		DEADBEEF000000000000A005 /* Frameworks */ = {
			isa = PBXFrameworksBuildPhase;
			buildActionMask = 2147483647;
			files = (
			);
			runOnlyForDeploymentPostprocessing = 0;
		};
/* End PBXFrameworksBuildPhase section */

/* Begin PBXGroup section */
		4FD1C6F42FB844AE003FD1F6 = {
			isa = PBXGroup;
			children = (
				4FD1C6FF2FB844AE003FD1F6 /* drinkpulse */,
				DEADBEEF000000000000A003 /* drinkpulseUITests */,
				4FD1C6FE2FB844AE003FD1F6 /* Products */,
				C48A39BE464BF2F80B793D6D /* drinkpulseTests */,
			);
			sourceTree = "<group>";
		};
		4FD1C6FE2FB844AE003FD1F6 /* Products */ = {
			isa = PBXGroup;
			children = (
				4FD1C6FD2FB844AE003FD1F6 /* drinkpulse.app */,
				061D01E2634732C34447E0A3 /* drinkpulseTests.xctest */,
				DEADBEEF000000000000A002 /* drinkpulseUITests.xctest */,
			);
			name = Products;
			sourceTree = "<group>";
		};
		C48A39BE464BF2F80B793D6D /* drinkpulseTests */ = {
			isa = PBXGroup;
			children = (
				7ED3BBC91B97DDCFA81123DB /* AlcoholCalculationTests.swift */,
				6561FEFD03C2B515E1E786C5 /* GuidelineLimitsTests.swift */,
				B24D3CA4DFBCAD09DF49DB5E /* AlcoholUnitFormattingTests.swift */,
				BD1A24B0A3C64D939541A943 /* DrinkTypePresetTests.swift */,
				E574A68CBADC439CBEF4AF31 /* DashboardViewModelTests.swift */,
				B1C2D3E4F5A60718293A4B5C /* InsightsViewModelTests.swift */,
				AA11BB22CC33DD44EE55FF66 /* InsightsDataGeneratorTests.swift */,
				BB22CC33DD44EE55FF66AA11 /* InsightsPeriodTests.swift */,
				B7A54FC3BA154D48AD27F410 /* OnboardingViewModelTests.swift */,
				4F26B1172FBDA7F2006F7BE2 /* DashboardViewModelTests+Metrics.swift */,
				4F26B1192FBDA808006F7BE2 /* DashboardViewModelTests+Formatting.swift */,
				4F26B11B2FBDA8F9006F7BE2 /* GuidelineChoiceDisplayTests.swift */,
				4F26B11D2FBDA918006F7BE2 /* AlcoholUnitTests.swift */,
				4F26B11F2FBDA924006F7BE2 /* DrinkTemplateTests.swift */,
				B0C1D2E3F4A5001020304050 /* ConsumptionEventTests.swift */,
				D3E4F5A6B7C8001020304050 /* DataExportImportTests.swift */,
				E4F5A6B7C8D9001020304050 /* DrinkControlImporterTests.swift */,
				4F7DFDCF2FCC27A30024A759 /* InsightsViewModelTests+Aggregates.swift */,
				4F7DFDD12FCC27B50024A759 /* InsightsViewModelTests+Navigation.swift */,
				4F7DFDD32FCC281B0024A759 /* DashboardViewModelTests+PctAndRisk.swift */,
				A0F1E2D3C4B5001122334455 /* HistoryViewModelTests.swift */,
				E5F6A7B8C9D0001020304050 /* StoreBootstrapTests.swift */,
				A1B2C3D4E5F6000030003001 /* UnitSystemVolumeTests.swift */,
				A1B2C3D4E5F6000030003003 /* EditEventVolumeGuardTests.swift */,
			);
			path = drinkpulseTests;
			sourceTree = "<group>";
		};
/* End PBXGroup section */

/* Begin PBXNativeTarget section */
		4FD1C6FC2FB844AE003FD1F6 /* drinkpulse */ = {
			isa = PBXNativeTarget;
			buildConfigurationList = 4FD1C70A2FB844AF003FD1F6 /* Build configuration list for PBXNativeTarget "drinkpulse" */;
			buildPhases = (
				4FD1C6F92FB844AE003FD1F6 /* Sources */,
				4FD1C6FA2FB844AE003FD1F6 /* Frameworks */,
				4FD1C6FB2FB844AE003FD1F6 /* Resources */,
			);
			buildRules = (
			);
			dependencies = (
			);
			fileSystemSynchronizedGroups = (
				4FD1C6FF2FB844AE003FD1F6 /* drinkpulse */,
			);
			name = drinkpulse;
			productName = drinkpulse;
			productReference = 4FD1C6FD2FB844AE003FD1F6 /* drinkpulse.app */;
			productType = "com.apple.product-type.application";
		};
		9DE95302EA237DDAF52D6037 /* drinkpulseTests */ = {
			isa = PBXNativeTarget;
			buildConfigurationList = F9364C771172705C201A8D83 /* Build configuration list for PBXNativeTarget "drinkpulseTests" */;
			buildPhases = (
				1E47F3EF871A86C71825B7F5 /* Sources */,
				09952F4CF444D875FCDC3958 /* Frameworks */,
				BBAF6B5C4CA38BEC73C22AA8 /* Resources */,
			);
			buildRules = (
			);
			dependencies = (
				F622E5472A4474CD4066366D /* PBXTargetDependency */,
			);
			name = drinkpulseTests;
			productName = drinkpulseTests;
			productReference = 061D01E2634732C34447E0A3 /* drinkpulseTests.xctest */;
			productType = "com.apple.product-type.bundle.unit-test";
		};
		DEADBEEF000000000000A001 /* drinkpulseUITests */ = {
			isa = PBXNativeTarget;
			buildConfigurationList = DEADBEEF000000000000A007 /* Build configuration list for PBXNativeTarget "drinkpulseUITests" */;
			buildPhases = (
				DEADBEEF000000000000A004 /* Sources */,
				DEADBEEF000000000000A005 /* Frameworks */,
				DEADBEEF000000000000A006 /* Resources */,
			);
			buildRules = (
			);
			dependencies = (
				DEADBEEF000000000000A00A /* PBXTargetDependency */,
			);
			fileSystemSynchronizedGroups = (
				DEADBEEF000000000000A003 /* drinkpulseUITests */,
			);
			name = drinkpulseUITests;
			productName = drinkpulseUITests;
			productReference = DEADBEEF000000000000A002 /* drinkpulseUITests.xctest */;
			productType = "com.apple.product-type.bundle.ui-testing";
		};
/* End PBXNativeTarget section */

/* Begin PBXProject section */
		4FD1C6F52FB844AE003FD1F6 /* Project object */ = {
			isa = PBXProject;
			attributes = {
				BuildIndependentTargetsInParallel = 1;
				LastSwiftUpdateCheck = 2650;
				LastUpgradeCheck = 2650;
				TargetAttributes = {
					4FD1C6FC2FB844AE003FD1F6 = {
						CreatedOnToolsVersion = 26.5;
					};
					DEADBEEF000000000000A001 = {
						CreatedOnToolsVersion = 26.5;
						TestTargetID = 4FD1C6FC2FB844AE003FD1F6;
					};
				};
			};
			buildConfigurationList = 4FD1C6F82FB844AE003FD1F6 /* Build configuration list for PBXProject "drinkpulse" */;
			developmentRegion = en;
			hasScannedForEncodings = 0;
			knownRegions = (
				en,
				Base,
			);
			mainGroup = 4FD1C6F42FB844AE003FD1F6;
			minimizedProjectReferenceProxies = 1;
			preferredProjectObjectVersion = 77;
			productRefGroup = 4FD1C6FE2FB844AE003FD1F6 /* Products */;
			projectDirPath = "";
			projectRoot = "";
			targets = (
				4FD1C6FC2FB844AE003FD1F6 /* drinkpulse */,
				9DE95302EA237DDAF52D6037 /* drinkpulseTests */,
				DEADBEEF000000000000A001 /* drinkpulseUITests */,
			);
		};
/* End PBXProject section */

/* Begin PBXResourcesBuildPhase section */
		4FD1C6FB2FB844AE003FD1F6 /* Resources */ = {
			isa = PBXResourcesBuildPhase;
			buildActionMask = 2147483647;
			files = (
			);
			runOnlyForDeploymentPostprocessing = 0;
		};
		BBAF6B5C4CA38BEC73C22AA8 /* Resources */ = {
			isa = PBXResourcesBuildPhase;
			buildActionMask = 2147483647;
			files = (
			);
			runOnlyForDeploymentPostprocessing = 0;
		};
		DEADBEEF000000000000A006 /* Resources */ = {
			isa = PBXResourcesBuildPhase;
			buildActionMask = 2147483647;
			files = (
			);
			runOnlyForDeploymentPostprocessing = 0;
		};
/* End PBXResourcesBuildPhase section */

/* Begin PBXSourcesBuildPhase section */
		1E47F3EF871A86C71825B7F5 /* Sources */ = {
			isa = PBXSourcesBuildPhase;
			buildActionMask = 2147483647;
			files = (
				4F26B11E2FBDA918006F7BE2 /* AlcoholUnitTests.swift in Sources */,
				4F26B11C2FBDA8F9006F7BE2 /* GuidelineChoiceDisplayTests.swift in Sources */,
				4F26B11A2FBDA808006F7BE2 /* DashboardViewModelTests+Formatting.swift in Sources */,
				AB1196E7CD28A69A48EED25B /* AlcoholCalculationTests.swift in Sources */,
				3A2643DF42224B5778239410 /* GuidelineLimitsTests.swift in Sources */,
				FADED6A26E7387C0D2C3FE56 /* AlcoholUnitFormattingTests.swift in Sources */,
				58EB0F230B9FC1846769959B /* DrinkTypePresetTests.swift in Sources */,
				8A71E6A4CD474AA59A0F05ED /* DashboardViewModelTests.swift in Sources */,
				C2D3E4F5A6B7081929304A5B /* InsightsViewModelTests.swift in Sources */,
				11AA22BB33CC44DD55EE66FF /* InsightsDataGeneratorTests.swift in Sources */,
				22BB33CC44DD55EE66FF77AA /* InsightsPeriodTests.swift in Sources */,
				4F26B1182FBDA7F2006F7BE2 /* DashboardViewModelTests+Metrics.swift in Sources */,
				C1F7FF6B4D1544FF845FA418 /* OnboardingViewModelTests.swift in Sources */,
				4F7DFDD22FCC27B50024A759 /* InsightsViewModelTests+Navigation.swift in Sources */,
				4F26B1202FBDA924006F7BE2 /* DrinkTemplateTests.swift in Sources */,
				A0B1C2D3E4F5001020304050 /* ConsumptionEventTests.swift in Sources */,
				4F7DFDD42FCC281B0024A759 /* DashboardViewModelTests+PctAndRisk.swift in Sources */,
				4F7DFDD02FCC27A30024A759 /* InsightsViewModelTests+Aggregates.swift in Sources */,
				C3D4E5F6A7B8001020304050 /* DataExportImportTests.swift in Sources */,
				D4E5F6A7B8C9001020304050 /* DrinkControlImporterTests.swift in Sources */,
				F0E1D2C3B4A5001122334455 /* HistoryViewModelTests.swift in Sources */,
				D5E6F7A8B9C0001020304050 /* StoreBootstrapTests.swift in Sources */,
				A1B2C3D4E5F6000030003000 /* UnitSystemVolumeTests.swift in Sources */,
				A1B2C3D4E5F6000030003002 /* EditEventVolumeGuardTests.swift in Sources */,
			);
			runOnlyForDeploymentPostprocessing = 0;
		};
		4FD1C6F92FB844AE003FD1F6 /* Sources */ = {
			isa = PBXSourcesBuildPhase;
			buildActionMask = 2147483647;
			files = (
			);
			runOnlyForDeploymentPostprocessing = 0;
		};
		DEADBEEF000000000000A004 /* Sources */ = {
			isa = PBXSourcesBuildPhase;
			buildActionMask = 2147483647;
			files = (
			);
			runOnlyForDeploymentPostprocessing = 0;
		};
/* End PBXSourcesBuildPhase section */

/* Begin PBXTargetDependency section */
		DEADBEEF000000000000A00A /* PBXTargetDependency */ = {
			isa = PBXTargetDependency;
			name = drinkpulse;
			target = 4FD1C6FC2FB844AE003FD1F6 /* drinkpulse */;
			targetProxy = DEADBEEF000000000000A00B /* PBXContainerItemProxy */;
		};
		F622E5472A4474CD4066366D /* PBXTargetDependency */ = {
			isa = PBXTargetDependency;
			name = drinkpulse;
			target = 4FD1C6FC2FB844AE003FD1F6 /* drinkpulse */;
			targetProxy = 5FBE431B60576D313FCBEE84 /* PBXContainerItemProxy */;
		};
/* End PBXTargetDependency section */

/* Begin XCBuildConfiguration section */
		065DFCC5D917D73F5E062F7A /* Release */ = {
			isa = XCBuildConfiguration;
			buildSettings = {
				BUNDLE_LOADER = "$(TEST_HOST)";
				CLANG_ENABLE_OBJC_WEAK = NO;
				GENERATE_INFOPLIST_FILE = YES;
				IPHONEOS_DEPLOYMENT_TARGET = 26.0;
				PRODUCT_BUNDLE_IDENTIFIER = com.drinkpulse.drinkpulseTests;
				PRODUCT_NAME = drinkpulseTests;
				SDKROOT = iphoneos;
				SWIFT_VERSION = 6.0;
				TEST_HOST = "$(BUILT_PRODUCTS_DIR)/drinkpulse.app/$(BUNDLE_EXECUTABLE_FOLDER_PATH)/drinkpulse";
				VALIDATE_PRODUCT = YES;
			};
			name = Release;
		};
		4FD1C7082FB844AF003FD1F6 /* Debug */ = {
			isa = XCBuildConfiguration;
			buildSettings = {
				ALWAYS_SEARCH_USER_PATHS = NO;
				ASSETCATALOG_COMPILER_GENERATE_SWIFT_ASSET_SYMBOL_EXTENSIONS = YES;
				CLANG_ANALYZER_NONNULL = YES;
				CLANG_ANALYZER_NUMBER_OBJECT_CONVERSION = YES_AGGRESSIVE;
				CLANG_CXX_LANGUAGE_STANDARD = "gnu++20";
				CLANG_ENABLE_MODULES = YES;
				CLANG_ENABLE_OBJC_ARC = YES;
				CLANG_ENABLE_OBJC_WEAK = YES;
				CLANG_WARN_BLOCK_CAPTURE_AUTORELEASING = YES;
				CLANG_WARN_BOOL_CONVERSION = YES;
				CLANG_WARN_COMMA = YES;
				CLANG_WARN_CONSTANT_CONVERSION = YES;
				CLANG_WARN_DEPRECATED_OBJC_IMPLEMENTATIONS = YES;
				CLANG_WARN_DIRECT_OBJC_ISA_USAGE = YES_ERROR;
				CLANG_WARN_DOCUMENTATION_COMMENTS = YES;
				CLANG_WARN_EMPTY_BODY = YES;
				CLANG_WARN_ENUM_CONVERSION = YES;
				CLANG_WARN_INFINITE_RECURSION = YES;
				CLANG_WARN_INT_CONVERSION = YES;
				CLANG_WARN_NON_LITERAL_NULL_CONVERSION = YES;
				CLANG_WARN_OBJC_IMPLICIT_RETAIN_SELF = YES;
				CLANG_WARN_OBJC_LITERAL_CONVERSION = YES;
				CLANG_WARN_OBJC_ROOT_CLASS = YES_ERROR;
				CLANG_WARN_QUOTED_INCLUDE_IN_FRAMEWORK_HEADER = YES;
				CLANG_WARN_RANGE_LOOP_ANALYSIS = YES;
				CLANG_WARN_STRICT_PROTOTYPES = YES;
				CLANG_WARN_SUSPICIOUS_MOVE = YES;
				CLANG_WARN_UNGUARDED_AVAILABILITY = YES_AGGRESSIVE;
				CLANG_WARN_UNREACHABLE_CODE = YES;
				CLANG_WARN__DUPLICATE_METHOD_MATCH = YES;
				COPY_PHASE_STRIP = NO;
				DEBUG_INFORMATION_FORMAT = dwarf;
				DEVELOPMENT_TEAM = NXXRPVVLH8;
				ENABLE_STRICT_OBJC_MSGSEND = YES;
				ENABLE_TESTABILITY = YES;
				ENABLE_USER_SCRIPT_SANDBOXING = YES;
				GCC_C_LANGUAGE_STANDARD = gnu17;
				GCC_DYNAMIC_NO_PIC = NO;
				GCC_NO_COMMON_BLOCKS = YES;
				GCC_OPTIMIZATION_LEVEL = 0;
				GCC_PREPROCESSOR_DEFINITIONS = (
					"DEBUG=1",
					"$(inherited)",
				);
				GCC_WARN_64_TO_32_BIT_CONVERSION = YES;
				GCC_WARN_ABOUT_RETURN_TYPE = YES_ERROR;
				GCC_WARN_UNDECLARED_SELECTOR = YES;
				GCC_WARN_UNINITIALIZED_AUTOS = YES_AGGRESSIVE;
				GCC_WARN_UNUSED_FUNCTION = YES;
				GCC_WARN_UNUSED_VARIABLE = YES;
				IPHONEOS_DEPLOYMENT_TARGET = 26.0;
				LOCALIZATION_PREFERS_STRING_CATALOGS = YES;
				MTL_ENABLE_DEBUG_INFO = INCLUDE_SOURCE;
				MTL_FAST_MATH = YES;
				ONLY_ACTIVE_ARCH = YES;
				SDKROOT = iphoneos;
				STRING_CATALOG_GENERATE_SYMBOLS = YES;
				SWIFT_ACTIVE_COMPILATION_CONDITIONS = "DEBUG $(inherited)";
				SWIFT_OPTIMIZATION_LEVEL = "-Onone";
			};
			name = Debug;
		};
		4FD1C7092FB844AF003FD1F6 /* Release */ = {
			isa = XCBuildConfiguration;
			buildSettings = {
				ALWAYS_SEARCH_USER_PATHS = NO;
				ASSETCATALOG_COMPILER_GENERATE_SWIFT_ASSET_SYMBOL_EXTENSIONS = YES;
				CLANG_ANALYZER_NONNULL = YES;
				CLANG_ANALYZER_NUMBER_OBJECT_CONVERSION = YES_AGGRESSIVE;
				CLANG_CXX_LANGUAGE_STANDARD = "gnu++20";
				CLANG_ENABLE_MODULES = YES;
				CLANG_ENABLE_OBJC_ARC = YES;
				CLANG_ENABLE_OBJC_WEAK = YES;
				CLANG_WARN_BLOCK_CAPTURE_AUTORELEASING = YES;
				CLANG_WARN_BOOL_CONVERSION = YES;
				CLANG_WARN_COMMA = YES;
				CLANG_WARN_CONSTANT_CONVERSION = YES;
				CLANG_WARN_DEPRECATED_OBJC_IMPLEMENTATIONS = YES;
				CLANG_WARN_DIRECT_OBJC_ISA_USAGE = YES_ERROR;
				CLANG_WARN_DOCUMENTATION_COMMENTS = YES;
				CLANG_WARN_EMPTY_BODY = YES;
				CLANG_WARN_ENUM_CONVERSION = YES;
				CLANG_WARN_INFINITE_RECURSION = YES;
				CLANG_WARN_INT_CONVERSION = YES;
				CLANG_WARN_NON_LITERAL_NULL_CONVERSION = YES;
				CLANG_WARN_OBJC_IMPLICIT_RETAIN_SELF = YES;
				CLANG_WARN_OBJC_LITERAL_CONVERSION = YES;
				CLANG_WARN_OBJC_ROOT_CLASS = YES_ERROR;
				CLANG_WARN_QUOTED_INCLUDE_IN_FRAMEWORK_HEADER = YES;
				CLANG_WARN_RANGE_LOOP_ANALYSIS = YES;
				CLANG_WARN_STRICT_PROTOTYPES = YES;
				CLANG_WARN_SUSPICIOUS_MOVE = YES;
				CLANG_WARN_UNGUARDED_AVAILABILITY = YES_AGGRESSIVE;
				CLANG_WARN_UNREACHABLE_CODE = YES;
				CLANG_WARN__DUPLICATE_METHOD_MATCH = YES;
				COPY_PHASE_STRIP = NO;
				DEBUG_INFORMATION_FORMAT = "dwarf-with-dsym";
				DEVELOPMENT_TEAM = NXXRPVVLH8;
				ENABLE_NS_ASSERTIONS = NO;
				ENABLE_STRICT_OBJC_MSGSEND = YES;
				ENABLE_USER_SCRIPT_SANDBOXING = YES;
				GCC_C_LANGUAGE_STANDARD = gnu17;
				GCC_NO_COMMON_BLOCKS = YES;
				GCC_WARN_64_TO_32_BIT_CONVERSION = YES;
				GCC_WARN_ABOUT_RETURN_TYPE = YES_ERROR;
				GCC_WARN_UNDECLARED_SELECTOR = YES;
				GCC_WARN_UNINITIALIZED_AUTOS = YES_AGGRESSIVE;
				GCC_WARN_UNUSED_FUNCTION = YES;
				GCC_WARN_UNUSED_VARIABLE = YES;
				IPHONEOS_DEPLOYMENT_TARGET = 26.0;
				LOCALIZATION_PREFERS_STRING_CATALOGS = YES;
				MTL_ENABLE_DEBUG_INFO = NO;
				MTL_FAST_MATH = YES;
				SDKROOT = iphoneos;
				STRING_CATALOG_GENERATE_SYMBOLS = YES;
				SWIFT_COMPILATION_MODE = wholemodule;
				VALIDATE_PRODUCT = YES;
			};
			name = Release;
		};
		4FD1C70B2FB844AF003FD1F6 /* Debug */ = {
			isa = XCBuildConfiguration;
			buildSettings = {
				ASSETCATALOG_COMPILER_APPICON_NAME = AppIcon;
				ASSETCATALOG_COMPILER_GLOBAL_ACCENT_COLOR_NAME = AccentColor;
				ASSETCATALOG_COMPILER_INCLUDE_ALL_APPICON_ASSETS = YES;
				CODE_SIGN_STYLE = Automatic;
				CURRENT_PROJECT_VERSION = 1;
				ENABLE_PREVIEWS = YES;
				GENERATE_INFOPLIST_FILE = YES;
				INFOPLIST_KEY_UIApplicationSceneManifest_Generation = YES;
				INFOPLIST_KEY_UIApplicationSupportsIndirectInputEvents = YES;
				INFOPLIST_KEY_UILaunchScreen_Generation = YES;
				INFOPLIST_KEY_UISupportedInterfaceOrientations = UIInterfaceOrientationPortrait;
				INFOPLIST_KEY_UISupportedInterfaceOrientations_iPad = "UIInterfaceOrientationLandscapeLeft UIInterfaceOrientationLandscapeRight UIInterfaceOrientationPortrait";
				LD_RUNPATH_SEARCH_PATHS = (
					"$(inherited)",
					"@executable_path/Frameworks",
				);
				MARKETING_VERSION = 1.0;
				PRODUCT_BUNDLE_IDENTIFIER = com.haniewicz.drinkpulse;
				PRODUCT_NAME = "$(TARGET_NAME)";
				STRING_CATALOG_GENERATE_SYMBOLS = YES;
				SWIFT_APPROACHABLE_CONCURRENCY = YES;
				SWIFT_DEFAULT_ACTOR_ISOLATION = MainActor;
				SWIFT_EMIT_LOC_STRINGS = YES;
				SWIFT_UPCOMING_FEATURE_MEMBER_IMPORT_VISIBILITY = YES;
				SWIFT_VERSION = 5.0;
				TARGETED_DEVICE_FAMILY = "1,2";
			};
			name = Debug;
		};
		4FD1C70C2FB844AF003FD1F6 /* Release */ = {
			isa = XCBuildConfiguration;
			buildSettings = {
				ASSETCATALOG_COMPILER_APPICON_NAME = AppIcon;
				ASSETCATALOG_COMPILER_GLOBAL_ACCENT_COLOR_NAME = AccentColor;
				ASSETCATALOG_COMPILER_INCLUDE_ALL_APPICON_ASSETS = YES;
				CODE_SIGN_STYLE = Automatic;
				CURRENT_PROJECT_VERSION = 1;
				ENABLE_PREVIEWS = YES;
				GENERATE_INFOPLIST_FILE = YES;
				INFOPLIST_KEY_UIApplicationSceneManifest_Generation = YES;
				INFOPLIST_KEY_UIApplicationSupportsIndirectInputEvents = YES;
				INFOPLIST_KEY_UILaunchScreen_Generation = YES;
				INFOPLIST_KEY_UISupportedInterfaceOrientations = UIInterfaceOrientationPortrait;
				INFOPLIST_KEY_UISupportedInterfaceOrientations_iPad = "UIInterfaceOrientationLandscapeLeft UIInterfaceOrientationLandscapeRight UIInterfaceOrientationPortrait";
				LD_RUNPATH_SEARCH_PATHS = (
					"$(inherited)",
					"@executable_path/Frameworks",
				);
				MARKETING_VERSION = 1.0;
				PRODUCT_BUNDLE_IDENTIFIER = com.haniewicz.drinkpulse;
				PRODUCT_NAME = "$(TARGET_NAME)";
				STRING_CATALOG_GENERATE_SYMBOLS = YES;
				SWIFT_APPROACHABLE_CONCURRENCY = YES;
				SWIFT_DEFAULT_ACTOR_ISOLATION = MainActor;
				SWIFT_EMIT_LOC_STRINGS = YES;
				SWIFT_UPCOMING_FEATURE_MEMBER_IMPORT_VISIBILITY = YES;
				SWIFT_VERSION = 5.0;
				TARGETED_DEVICE_FAMILY = "1,2";
			};
			name = Release;
		};
		BE51034143DDD3B2C0530131 /* Debug */ = {
			isa = XCBuildConfiguration;
			buildSettings = {
				BUNDLE_LOADER = "$(TEST_HOST)";
				CLANG_ENABLE_OBJC_WEAK = NO;
				GENERATE_INFOPLIST_FILE = YES;
				IPHONEOS_DEPLOYMENT_TARGET = 26.0;
				PRODUCT_BUNDLE_IDENTIFIER = com.drinkpulse.drinkpulseTests;
				PRODUCT_NAME = drinkpulseTests;
				SDKROOT = iphoneos;
				SWIFT_VERSION = 6.0;
				TEST_HOST = "$(BUILT_PRODUCTS_DIR)/drinkpulse.app/$(BUNDLE_EXECUTABLE_FOLDER_PATH)/drinkpulse";
			};
			name = Debug;
		};
		DEADBEEF000000000000A008 /* Debug */ = {
			isa = XCBuildConfiguration;
			buildSettings = {
				CODE_SIGN_STYLE = Automatic;
				DEVELOPMENT_TEAM = NXXRPVVLH8;
				GENERATE_INFOPLIST_FILE = YES;
				IPHONEOS_DEPLOYMENT_TARGET = 26.0;
				PRODUCT_BUNDLE_IDENTIFIER = com.haniewicz.drinkpulseUITests;
				PRODUCT_NAME = "$(TARGET_NAME)";
				SDKROOT = iphoneos;
				SWIFT_EMIT_LOC_STRINGS = NO;
				SWIFT_VERSION = 6.0;
				TARGETED_DEVICE_FAMILY = "1,2";
				TEST_TARGET_NAME = drinkpulse;
			};
			name = Debug;
		};
		DEADBEEF000000000000A009 /* Release */ = {
			isa = XCBuildConfiguration;
			buildSettings = {
				CODE_SIGN_STYLE = Automatic;
				DEVELOPMENT_TEAM = NXXRPVVLH8;
				GENERATE_INFOPLIST_FILE = YES;
				IPHONEOS_DEPLOYMENT_TARGET = 26.0;
				PRODUCT_BUNDLE_IDENTIFIER = com.haniewicz.drinkpulseUITests;
				PRODUCT_NAME = "$(TARGET_NAME)";
				SDKROOT = iphoneos;
				SWIFT_EMIT_LOC_STRINGS = NO;
				SWIFT_VERSION = 6.0;
				TARGETED_DEVICE_FAMILY = "1,2";
				TEST_TARGET_NAME = drinkpulse;
			};
			name = Release;
		};
/* End XCBuildConfiguration section */

/* Begin XCConfigurationList section */
		4FD1C6F82FB844AE003FD1F6 /* Build configuration list for PBXProject "drinkpulse" */ = {
			isa = XCConfigurationList;
			buildConfigurations = (
				4FD1C7082FB844AF003FD1F6 /* Debug */,
				4FD1C7092FB844AF003FD1F6 /* Release */,
			);
			defaultConfigurationIsVisible = 0;
			defaultConfigurationName = Release;
		};
		4FD1C70A2FB844AF003FD1F6 /* Build configuration list for PBXNativeTarget "drinkpulse" */ = {
			isa = XCConfigurationList;
			buildConfigurations = (
				4FD1C70B2FB844AF003FD1F6 /* Debug */,
				4FD1C70C2FB844AF003FD1F6 /* Release */,
			);
			defaultConfigurationIsVisible = 0;
			defaultConfigurationName = Release;
		};
		DEADBEEF000000000000A007 /* Build configuration list for PBXNativeTarget "drinkpulseUITests" */ = {
			isa = XCConfigurationList;
			buildConfigurations = (
				DEADBEEF000000000000A008 /* Debug */,
				DEADBEEF000000000000A009 /* Release */,
			);
			defaultConfigurationIsVisible = 0;
			defaultConfigurationName = Release;
		};
		F9364C771172705C201A8D83 /* Build configuration list for PBXNativeTarget "drinkpulseTests" */ = {
			isa = XCConfigurationList;
			buildConfigurations = (
				065DFCC5D917D73F5E062F7A /* Release */,
				BE51034143DDD3B2C0530131 /* Debug */,
			);
			defaultConfigurationIsVisible = 0;
			defaultConfigurationName = Release;
		};
/* End XCConfigurationList section */
	};
	rootObject = 4FD1C6F52FB844AE003FD1F6 /* Project object */;
}
